// !$*UTF8*$!
{
	archiveVersion = 1;
	classes = {
	};
	objectVersion = 50;
	objects = {

/* Begin PBXBuildFile section */
		10009F6BAE9136B4383855B0 /* Pods_RxSwiftSample.framework in Frameworks */ = {isa = PBXBuildFile; fileRef = 97881A1C4D7FF2F36C583806 /* Pods_RxSwiftSample.framework */; };
		23695E30FDC73E1FFB72EAEB /* Pods_RxSwiftSampleTests.framework in Frameworks */ = {isa = PBXBuildFile; fileRef = 6DCC6F6CB9C3899716FB737D /* Pods_RxSwiftSampleTests.framework */; };
		C538B36A262EAB0A008CE89D /* AppDelegate.swift in Sources */ = {isa = PBXBuildFile; fileRef = C538B369262EAB0A008CE89D /* AppDelegate.swift */; };
		C538B36C262EAB0A008CE89D /* SceneDelegate.swift in Sources */ = {isa = PBXBuildFile; fileRef = C538B36B262EAB0A008CE89D /* SceneDelegate.swift */; };
		C538B36E262EAB0A008CE89D /* ViewController.swift in Sources */ = {isa = PBXBuildFile; fileRef = C538B36D262EAB0A008CE89D /* ViewController.swift */; };
		C538B371262EAB0A008CE89D /* Main.storyboard in Resources */ = {isa = PBXBuildFile; fileRef = C538B36F262EAB0A008CE89D /* Main.storyboard */; };
		C538B373262EAB0A008CE89D /* Assets.xcassets in Resources */ = {isa = PBXBuildFile; fileRef = C538B372262EAB0A008CE89D /* Assets.xcassets */; };
		C538B376262EAB0A008CE89D /* LaunchScreen.storyboard in Resources */ = {isa = PBXBuildFile; fileRef = C538B374262EAB0A008CE89D /* LaunchScreen.storyboard */; };
		C538B381262EAB0B008CE89D /* RxSwiftSampleTests.swift in Sources */ = {isa = PBXBuildFile; fileRef = C538B380262EAB0B008CE89D /* RxSwiftSampleTests.swift */; };
		C538B38C262EAB0B008CE89D /* RxSwiftSampleUITests.swift in Sources */ = {isa = PBXBuildFile; fileRef = C538B38B262EAB0B008CE89D /* RxSwiftSampleUITests.swift */; };
		FE5A385764C4AB05878C9906 /* Pods_RxSwiftSample_RxSwiftSampleUITests.framework in Frameworks */ = {isa = PBXBuildFile; fileRef = 6AE5491594DBE20EEB985595 /* Pods_RxSwiftSample_RxSwiftSampleUITests.framework */; };
/* End PBXBuildFile section */

/* Begin PBXContainerItemProxy section */
		C538B37D262EAB0B008CE89D /* PBXContainerItemProxy */ = {
			isa = PBXContainerItemProxy;
			containerPortal = C538B35E262EAB0A008CE89D /* Project object */;
			proxyType = 1;
			remoteGlobalIDString = C538B365262EAB0A008CE89D;
			remoteInfo = RxSwiftSample;
		};
		C538B388262EAB0B008CE89D /* PBXContainerItemProxy */ = {
			isa = PBXContainerItemProxy;
			containerPortal = C538B35E262EAB0A008CE89D /* Project object */;
			proxyType = 1;
			remoteGlobalIDString = C538B365262EAB0A008CE89D;
			remoteInfo = RxSwiftSample;
		};
/* End PBXContainerItemProxy section */

/* Begin PBXFileReference section */
		31FCA77978B2BBA111F45008 /* Pods-RxSwiftSample-RxSwiftSampleUITests.release.xcconfig */ = {isa = PBXFileReference; includeInIndex = 1; lastKnownFileType = text.xcconfig; name = "Pods-RxSwiftSample-RxSwiftSampleUITests.release.xcconfig"; path = "Target Support Files/Pods-RxSwiftSample-RxSwiftSampleUITests/Pods-RxSwiftSample-RxSwiftSampleUITests.release.xcconfig"; sourceTree = "<group>"; };
		34E9634CD611CF6516F1167D /* Pods-RxSwiftSampleTests.debug.xcconfig */ = {isa = PBXFileReference; includeInIndex = 1; lastKnownFileType = text.xcconfig; name = "Pods-RxSwiftSampleTests.debug.xcconfig"; path = "Target Support Files/Pods-RxSwiftSampleTests/Pods-RxSwiftSampleTests.debug.xcconfig"; sourceTree = "<group>"; };
		41F2F8BDF10B24A85E545C60 /* Pods-RxSwiftSample.release.xcconfig */ = {isa = PBXFileReference; includeInIndex = 1; lastKnownFileType = text.xcconfig; name = "Pods-RxSwiftSample.release.xcconfig"; path = "Target Support Files/Pods-RxSwiftSample/Pods-RxSwiftSample.release.xcconfig"; sourceTree = "<group>"; };
		6AE5491594DBE20EEB985595 /* Pods_RxSwiftSample_RxSwiftSampleUITests.framework */ = {isa = PBXFileReference; explicitFileType = wrapper.framework; includeInIndex = 0; path = Pods_RxSwiftSample_RxSwiftSampleUITests.framework; sourceTree = BUILT_PRODUCTS_DIR; };
		6DCC6F6CB9C3899716FB737D /* Pods_RxSwiftSampleTests.framework */ = {isa = PBXFileReference; explicitFileType = wrapper.framework; includeInIndex = 0; path = Pods_RxSwiftSampleTests.framework; sourceTree = BUILT_PRODUCTS_DIR; };
		74192DD3550EDBBC9BA1BC67 /* Pods-RxSwiftSample-RxSwiftSampleUITests.debug.xcconfig */ = {isa = PBXFileReference; includeInIndex = 1; lastKnownFileType = text.xcconfig; name = "Pods-RxSwiftSample-RxSwiftSampleUITests.debug.xcconfig"; path = "Target Support Files/Pods-RxSwiftSample-RxSwiftSampleUITests/Pods-RxSwiftSample-RxSwiftSampleUITests.debug.xcconfig"; sourceTree = "<group>"; };
		80AEF9078C8EBAF51113E6B5 /* Pods-RxSwiftSample.debug.xcconfig */ = {isa = PBXFileReference; includeInIndex = 1; lastKnownFileType = text.xcconfig; name = "Pods-RxSwiftSample.debug.xcconfig"; path = "Target Support Files/Pods-RxSwiftSample/Pods-RxSwiftSample.debug.xcconfig"; sourceTree = "<group>"; };
		97881A1C4D7FF2F36C583806 /* Pods_RxSwiftSample.framework */ = {isa = PBXFileReference; explicitFileType = wrapper.framework; includeInIndex = 0; path = Pods_RxSwiftSample.framework; sourceTree = BUILT_PRODUCTS_DIR; };
		C538B366262EAB0A008CE89D /* RxSwiftSample.app */ = {isa = PBXFileReference; explicitFileType = wrapper.application; includeInIndex = 0; path = RxSwiftSample.app; sourceTree = BUILT_PRODUCTS_DIR; };
		C538B369262EAB0A008CE89D /* AppDelegate.swift */ = {isa = PBXFileReference; lastKnownFileType = sourcecode.swift; path = AppDelegate.swift; sourceTree = "<group>"; };
		C538B36B262EAB0A008CE89D /* SceneDelegate.swift */ = {isa = PBXFileReference; lastKnownFileType = sourcecode.swift; path = SceneDelegate.swift; sourceTree = "<group>"; };
		C538B36D262EAB0A008CE89D /* ViewController.swift */ = {isa = PBXFileReference; lastKnownFileType = sourcecode.swift; path = ViewController.swift; sourceTree = "<group>"; };
		C538B370262EAB0A008CE89D /* Base */ = {isa = PBXFileReference; lastKnownFileType = file.storyboard; name = Base; path = Base.lproj/Main.storyboard; sourceTree = "<group>"; };
		C538B372262EAB0A008CE89D /* Assets.xcassets */ = {isa = PBXFileReference; lastKnownFileType = folder.assetcatalog; path = Assets.xcassets; sourceTree = "<group>"; };
		C538B375262EAB0A008CE89D /* Base */ = {isa = PBXFileReference; lastKnownFileType = file.storyboard; name = Base; path = Base.lproj/LaunchScreen.storyboard; sourceTree = "<group>"; };
		C538B377262EAB0A008CE89D /* Info.plist */ = {isa = PBXFileReference; lastKnownFileType = text.plist.xml; path = Info.plist; sourceTree = "<group>"; };
		C538B37C262EAB0B008CE89D /* RxSwiftSampleTests.xctest */ = {isa = PBXFileReference; explicitFileType = wrapper.cfbundle; includeInIndex = 0; path = RxSwiftSampleTests.xctest; sourceTree = BUILT_PRODUCTS_DIR; };
		C538B380262EAB0B008CE89D /* RxSwiftSampleTests.swift */ = {isa = PBXFileReference; lastKnownFileType = sourcecode.swift; path = RxSwiftSampleTests.swift; sourceTree = "<group>"; };
		C538B382262EAB0B008CE89D /* Info.plist */ = {isa = PBXFileReference; lastKnownFileType = text.plist.xml; path = Info.plist; sourceTree = "<group>"; };
		C538B387262EAB0B008CE89D /* RxSwiftSampleUITests.xctest */ = {isa = PBXFileReference; explicitFileType = wrapper.cfbundle; includeInIndex = 0; path = RxSwiftSampleUITests.xctest; sourceTree = BUILT_PRODUCTS_DIR; };
		C538B38B262EAB0B008CE89D /* RxSwiftSampleUITests.swift */ = {isa = PBXFileReference; lastKnownFileType = sourcecode.swift; path = RxSwiftSampleUITests.swift; sourceTree = "<group>"; };
		C538B38D262EAB0B008CE89D /* Info.plist */ = {isa = PBXFileReference; lastKnownFileType = text.plist.xml; path = Info.plist; sourceTree = "<group>"; };
		F607CF75259828574382DCB7 /* Pods-RxSwiftSampleTests.release.xcconfig */ = {isa = PBXFileReference; includeInIndex = 1; lastKnownFileType = text.xcconfig; name = "Pods-RxSwiftSampleTests.release.xcconfig"; path = "Target Support Files/Pods-RxSwiftSampleTests/Pods-RxSwiftSampleTests.release.xcconfig"; sourceTree = "<group>"; };
/* End PBXFileReference section */

/* Begin PBXFrameworksBuildPhase section */
		C538B363262EAB0A008CE89D /* Frameworks */ = {
			isa = PBXFrameworksBuildPhase;
			buildActionMask = 2147483647;
			files = (
				10009F6BAE9136B4383855B0 /* Pods_RxSwiftSample.framework in Frameworks */,
			);
			runOnlyForDeploymentPostprocessing = 0;
		};
		C538B379262EAB0B008CE89D /* Frameworks */ = {
			isa = PBXFrameworksBuildPhase;
			buildActionMask = 2147483647;
			files = (
				23695E30FDC73E1FFB72EAEB /* Pods_RxSwiftSampleTests.framework in Frameworks */,
			);
			runOnlyForDeploymentPostprocessing = 0;
		};
		C538B384262EAB0B008CE89D /* Frameworks */ = {
			isa = PBXFrameworksBuildPhase;
			buildActionMask = 2147483647;
			files = (
				FE5A385764C4AB05878C9906 /* Pods_RxSwiftSample_RxSwiftSampleUITests.framework in Frameworks */,
			);
			runOnlyForDeploymentPostprocessing = 0;
		};
/* End PBXFrameworksBuildPhase section */

/* Begin PBXGroup section */
		4892FCB9F465D035392EE1C3 /* Pods */ = {
			isa = PBXGroup;
			children = (
				80AEF9078C8EBAF51113E6B5 /* Pods-RxSwiftSample.debug.xcconfig */,
				41F2F8BDF10B24A85E545C60 /* Pods-RxSwiftSample.release.xcconfig */,
				74192DD3550EDBBC9BA1BC67 /* Pods-RxSwiftSample-RxSwiftSampleUITests.debug.xcconfig */,
				31FCA77978B2BBA111F45008 /* Pods-RxSwiftSample-RxSwiftSampleUITests.release.xcconfig */,
				34E9634CD611CF6516F1167D /* Pods-RxSwiftSampleTests.debug.xcconfig */,
				F607CF75259828574382DCB7 /* Pods-RxSwiftSampleTests.release.xcconfig */,
			);
			name = Pods;
			path = Pods;
			sourceTree = "<group>";
		};
		BCDE56809F90B8484DEA4E3B /* Frameworks */ = {
			isa = PBXGroup;
			children = (
				97881A1C4D7FF2F36C583806 /* Pods_RxSwiftSample.framework */,
				6AE5491594DBE20EEB985595 /* Pods_RxSwiftSample_RxSwiftSampleUITests.framework */,
				6DCC6F6CB9C3899716FB737D /* Pods_RxSwiftSampleTests.framework */,
			);
			name = Frameworks;
			sourceTree = "<group>";
		};
		C538B35D262EAB0A008CE89D = {
			isa = PBXGroup;
			children = (
				C538B368262EAB0A008CE89D /* RxSwiftSample */,
				C538B37F262EAB0B008CE89D /* RxSwiftSampleTests */,
				C538B38A262EAB0B008CE89D /* RxSwiftSampleUITests */,
				C538B367262EAB0A008CE89D /* Products */,
				4892FCB9F465D035392EE1C3 /* Pods */,
				BCDE56809F90B8484DEA4E3B /* Frameworks */,
			);
			sourceTree = "<group>";
		};
		C538B367262EAB0A008CE89D /* Products */ = {
			isa = PBXGroup;
			children = (
				C538B366262EAB0A008CE89D /* RxSwiftSample.app */,
				C538B37C262EAB0B008CE89D /* RxSwiftSampleTests.xctest */,
				C538B387262EAB0B008CE89D /* RxSwiftSampleUITests.xctest */,
			);
			name = Products;
			sourceTree = "<group>";
		};
		C538B368262EAB0A008CE89D /* RxSwiftSample */ = {
			isa = PBXGroup;
			children = (
				C538B369262EAB0A008CE89D /* AppDelegate.swift */,
				C538B36B262EAB0A008CE89D /* SceneDelegate.swift */,
				C538B36D262EAB0A008CE89D /* ViewController.swift */,
				C538B36F262EAB0A008CE89D /* Main.storyboard */,
				C538B372262EAB0A008CE89D /* Assets.xcassets */,
				C538B374262EAB0A008CE89D /* LaunchScreen.storyboard */,
				C538B377262EAB0A008CE89D /* Info.plist */,
			);
			path = RxSwiftSample;
			sourceTree = "<group>";
		};
		C538B37F262EAB0B008CE89D /* RxSwiftSampleTests */ = {
			isa = PBXGroup;
			children = (
				C538B380262EAB0B008CE89D /* RxSwiftSampleTests.swift */,
				C538B382262EAB0B008CE89D /* Info.plist */,
			);
			path = RxSwiftSampleTests;
			sourceTree = "<group>";
		};
		C538B38A262EAB0B008CE89D /* RxSwiftSampleUITests */ = {
			isa = PBXGroup;
			children = (
				C538B38B262EAB0B008CE89D /* RxSwiftSampleUITests.swift */,
				C538B38D262EAB0B008CE89D /* Info.plist */,
			);
			path = RxSwiftSampleUITests;
			sourceTree = "<group>";
		};
/* End PBXGroup section */

/* Begin PBXNativeTarget section */
		C538B365262EAB0A008CE89D /* RxSwiftSample */ = {
			isa = PBXNativeTarget;
			buildConfigurationList = C538B390262EAB0B008CE89D /* Build configuration list for PBXNativeTarget "RxSwiftSample" */;
			buildPhases = (
				DC31F70DE163AE7AE0462D80 /* [CP] Check Pods Manifest.lock */,
				C538B362262EAB0A008CE89D /* Sources */,
				C538B363262EAB0A008CE89D /* Frameworks */,
				C538B364262EAB0A008CE89D /* Resources */,
				43AD536B08F50EE77381F061 /* [CP] Embed Pods Frameworks */,
			);
			buildRules = (
			);
			dependencies = (
			);
			name = RxSwiftSample;
			productName = RxSwiftSample;
			productReference = C538B366262EAB0A008CE89D /* RxSwiftSample.app */;
			productType = "com.apple.product-type.application";
		};
		C538B37B262EAB0B008CE89D /* RxSwiftSampleTests */ = {
			isa = PBXNativeTarget;
			buildConfigurationList = C538B393262EAB0B008CE89D /* Build configuration list for PBXNativeTarget "RxSwiftSampleTests" */;
			buildPhases = (
				A476365538108C9017ADBD5E /* [CP] Check Pods Manifest.lock */,
				C538B378262EAB0B008CE89D /* Sources */,
				C538B379262EAB0B008CE89D /* Frameworks */,
				C538B37A262EAB0B008CE89D /* Resources */,
			);
			buildRules = (
			);
			dependencies = (
				C538B37E262EAB0B008CE89D /* PBXTargetDependency */,
			);
			name = RxSwiftSampleTests;
			productName = RxSwiftSampleTests;
			productReference = C538B37C262EAB0B008CE89D /* RxSwiftSampleTests.xctest */;
			productType = "com.apple.product-type.bundle.unit-test";
		};
		C538B386262EAB0B008CE89D /* RxSwiftSampleUITests */ = {
			isa = PBXNativeTarget;
			buildConfigurationList = C538B396262EAB0B008CE89D /* Build configuration list for PBXNativeTarget "RxSwiftSampleUITests" */;
			buildPhases = (
				A78065C98B296849001063DB /* [CP] Check Pods Manifest.lock */,
				C538B383262EAB0B008CE89D /* Sources */,
				C538B384262EAB0B008CE89D /* Frameworks */,
				C538B385262EAB0B008CE89D /* Resources */,
				0BE5D135A5D6C4735711C0E7 /* [CP] Embed Pods Frameworks */,
			);
			buildRules = (
			);
			dependencies = (
				C538B389262EAB0B008CE89D /* PBXTargetDependency */,
			);
			name = RxSwiftSampleUITests;
			productName = RxSwiftSampleUITests;
			productReference = C538B387262EAB0B008CE89D /* RxSwiftSampleUITests.xctest */;
			productType = "com.apple.product-type.bundle.ui-testing";
		};
/* End PBXNativeTarget section */

/* Begin PBXProject section */
		C538B35E262EAB0A008CE89D /* Project object */ = {
			isa = PBXProject;
			attributes = {
				LastSwiftUpdateCheck = 1240;
				LastUpgradeCheck = 1240;
				TargetAttributes = {
					C538B365262EAB0A008CE89D = {
						CreatedOnToolsVersion = 12.4;
					};
					C538B37B262EAB0B008CE89D = {
						CreatedOnToolsVersion = 12.4;
						TestTargetID = C538B365262EAB0A008CE89D;
					};
					C538B386262EAB0B008CE89D = {
						CreatedOnToolsVersion = 12.4;
						TestTargetID = C538B365262EAB0A008CE89D;
					};
				};
			};
			buildConfigurationList = C538B361262EAB0A008CE89D /* Build configuration list for PBXProject "RxSwiftSample" */;
			compatibilityVersion = "Xcode 9.3";
			developmentRegion = en;
			hasScannedForEncodings = 0;
			knownRegions = (
				en,
				Base,
			);
			mainGroup = C538B35D262EAB0A008CE89D;
			productRefGroup = C538B367262EAB0A008CE89D /* Products */;
			projectDirPath = "";
			projectRoot = "";
			targets = (
				C538B365262EAB0A008CE89D /* RxSwiftSample */,
				C538B37B262EAB0B008CE89D /* RxSwiftSampleTests */,
				C538B386262EAB0B008CE89D /* RxSwiftSampleUITests */,
			);
		};
/* End PBXProject section */

/* Begin PBXResourcesBuildPhase section */
		C538B364262EAB0A008CE89D /* Resources */ = {
			isa = PBXResourcesBuildPhase;
			buildActionMask = 2147483647;
			files = (
				C538B376262EAB0A008CE89D /* LaunchScreen.storyboard in Resources */,
				C538B373262EAB0A008CE89D /* Assets.xcassets in Resources */,
				C538B371262EAB0A008CE89D /* Main.storyboard in Resources */,
			);
			runOnlyForDeploymentPostprocessing = 0;
		};
		C538B37A262EAB0B008CE89D /* Resources */ = {
			isa = PBXResourcesBuildPhase;
			buildActionMask = 2147483647;
			files = (
			);
			runOnlyForDeploymentPostprocessing = 0;
		};
		C538B385262EAB0B008CE89D /* Resources */ = {
			isa = PBXResourcesBuildPhase;
			buildActionMask = 2147483647;
			files = (
			);
			runOnlyForDeploymentPostprocessing = 0;
		};
/* End PBXResourcesBuildPhase section */

/* Begin PBXShellScriptBuildPhase section */
		0BE5D135A5D6C4735711C0E7 /* [CP] Embed Pods Frameworks */ = {
			isa = PBXShellScriptBuildPhase;
			buildActionMask = 2147483647;
			files = (
			);
			inputFileListPaths = (
				"${PODS_ROOT}/Target Support Files/Pods-RxSwiftSample-RxSwiftSampleUITests/Pods-RxSwiftSample-RxSwiftSampleUITests-frameworks-${CONFIGURATION}-input-files.xcfilelist",
			);
			name = "[CP] Embed Pods Frameworks";
			outputFileListPaths = (
				"${PODS_ROOT}/Target Support Files/Pods-RxSwiftSample-RxSwiftSampleUITests/Pods-RxSwiftSample-RxSwiftSampleUITests-frameworks-${CONFIGURATION}-output-files.xcfilelist",
			);
			runOnlyForDeploymentPostprocessing = 0;
			shellPath = /bin/sh;
			shellScript = "\"${PODS_ROOT}/Target Support Files/Pods-RxSwiftSample-RxSwiftSampleUITests/Pods-RxSwiftSample-RxSwiftSampleUITests-frameworks.sh\"\n";
			showEnvVarsInLog = 0;
		};
		43AD536B08F50EE77381F061 /* [CP] Embed Pods Frameworks */ = {
			isa = PBXShellScriptBuildPhase;
			buildActionMask = 2147483647;
			files = (
			);
			inputFileListPaths = (
				"${PODS_ROOT}/Target Support Files/Pods-RxSwiftSample/Pods-RxSwiftSample-frameworks-${CONFIGURATION}-input-files.xcfilelist",
			);
			name = "[CP] Embed Pods Frameworks";
			outputFileListPaths = (
				"${PODS_ROOT}/Target Support Files/Pods-RxSwiftSample/Pods-RxSwiftSample-frameworks-${CONFIGURATION}-output-files.xcfilelist",
			);
			runOnlyForDeploymentPostprocessing = 0;
			shellPath = /bin/sh;
			shellScript = "\"${PODS_ROOT}/Target Support Files/Pods-RxSwiftSample/Pods-RxSwiftSample-frameworks.sh\"\n";
			showEnvVarsInLog = 0;
		};
		A476365538108C9017ADBD5E /* [CP] Check Pods Manifest.lock */ = {
			isa = PBXShellScriptBuildPhase;
			buildActionMask = 2147483647;
			files = (
			);
			inputFileListPaths = (
			);
			inputPaths = (
				"${PODS_PODFILE_DIR_PATH}/Podfile.lock",
				"${PODS_ROOT}/Manifest.lock",
			);
			name = "[CP] Check Pods Manifest.lock";
			outputFileListPaths = (
			);
			outputPaths = (
				"$(DERIVED_FILE_DIR)/Pods-RxSwiftSampleTests-checkManifestLockResult.txt",
			);
			runOnlyForDeploymentPostprocessing = 0;
			shellPath = /bin/sh;
			shellScript = "diff \"${PODS_PODFILE_DIR_PATH}/Podfile.lock\" \"${PODS_ROOT}/Manifest.lock\" > /dev/null\nif [ $? != 0 ] ; then\n    # print error to STDERR\n    echo \"error: The sandbox is not in sync with the Podfile.lock. Run 'pod install' or update your CocoaPods installation.\" >&2\n    exit 1\nfi\n# This output is used by Xcode 'outputs' to avoid re-running this script phase.\necho \"SUCCESS\" > \"${SCRIPT_OUTPUT_FILE_0}\"\n";
			showEnvVarsInLog = 0;
		};
		A78065C98B296849001063DB /* [CP] Check Pods Manifest.lock */ = {
			isa = PBXShellScriptBuildPhase;
			buildActionMask = 2147483647;
			files = (
			);
			inputFileListPaths = (
			);
			inputPaths = (
				"${PODS_PODFILE_DIR_PATH}/Podfile.lock",
				"${PODS_ROOT}/Manifest.lock",
			);
			name = "[CP] Check Pods Manifest.lock";
			outputFileListPaths = (
			);
			outputPaths = (
				"$(DERIVED_FILE_DIR)/Pods-RxSwiftSample-RxSwiftSampleUITests-checkManifestLockResult.txt",
			);
			runOnlyForDeploymentPostprocessing = 0;
			shellPath = /bin/sh;
			shellScript = "diff \"${PODS_PODFILE_DIR_PATH}/Podfile.lock\" \"${PODS_ROOT}/Manifest.lock\" > /dev/null\nif [ $? != 0 ] ; then\n    # print error to STDERR\n    echo \"error: The sandbox is not in sync with the Podfile.lock. Run 'pod install' or update your CocoaPods installation.\" >&2\n    exit 1\nfi\n# This output is used by Xcode 'outputs' to avoid re-running this script phase.\necho \"SUCCESS\" > \"${SCRIPT_OUTPUT_FILE_0}\"\n";
			showEnvVarsInLog = 0;
		};
		DC31F70DE163AE7AE0462D80 /* [CP] Check Pods Manifest.lock */ = {
			isa = PBXShellScriptBuildPhase;
			buildActionMask = 2147483647;
			files = (
			);
			inputFileListPaths = (
			);
			inputPaths = (
				"${PODS_PODFILE_DIR_PATH}/Podfile.lock",
				"${PODS_ROOT}/Manifest.lock",
			);
			name = "[CP] Check Pods Manifest.lock";
			outputFileListPaths = (
			);
			outputPaths = (
				"$(DERIVED_FILE_DIR)/Pods-RxSwiftSample-checkManifestLockResult.txt",
			);
			runOnlyForDeploymentPostprocessing = 0;
			shellPath = /bin/sh;
			shellScript = "diff \"${PODS_PODFILE_DIR_PATH}/Podfile.lock\" \"${PODS_ROOT}/Manifest.lock\" > /dev/null\nif [ $? != 0 ] ; then\n    # print error to STDERR\n    echo \"error: The sandbox is not in sync with the Podfile.lock. Run 'pod install' or update your CocoaPods installation.\" >&2\n    exit 1\nfi\n# This output is used by Xcode 'outputs' to avoid re-running this script phase.\necho \"SUCCESS\" > \"${SCRIPT_OUTPUT_FILE_0}\"\n";
			showEnvVarsInLog = 0;
		};
/* End PBXShellScriptBuildPhase section */

/* Begin PBXSourcesBuildPhase section */
		C538B362262EAB0A008CE89D /* Sources */ = {
			isa = PBXSourcesBuildPhase;
			buildActionMask = 2147483647;
			files = (
				C538B36E262EAB0A008CE89D /* ViewController.swift in Sources */,
				C538B36A262EAB0A008CE89D /* AppDelegate.swift in Sources */,
				C538B36C262EAB0A008CE89D /* SceneDelegate.swift in Sources */,
			);
			runOnlyForDeploymentPostprocessing = 0;
		};
		C538B378262EAB0B008CE89D /* Sources */ = {
			isa = PBXSourcesBuildPhase;
			buildActionMask = 2147483647;
			files = (
				C538B381262EAB0B008CE89D /* RxSwiftSampleTests.swift in Sources */,
			);
			runOnlyForDeploymentPostprocessing = 0;
		};
		C538B383262EAB0B008CE89D /* Sources */ = {
			isa = PBXSourcesBuildPhase;
			buildActionMask = 2147483647;
			files = (
				C538B38C262EAB0B008CE89D /* RxSwiftSampleUITests.swift in Sources */,
			);
			runOnlyForDeploymentPostprocessing = 0;
		};
/* End PBXSourcesBuildPhase section */

/* Begin PBXTargetDependency section */
		C538B37E262EAB0B008CE89D /* PBXTargetDependency */ = {
			isa = PBXTargetDependency;
			target = C538B365262EAB0A008CE89D /* RxSwiftSample */;
			targetProxy = C538B37D262EAB0B008CE89D /* PBXContainerItemProxy */;
		};
		C538B389262EAB0B008CE89D /* PBXTargetDependency */ = {
			isa = PBXTargetDependency;
			target = C538B365262EAB0A008CE89D /* RxSwiftSample */;
			targetProxy = C538B388262EAB0B008CE89D /* PBXContainerItemProxy */;
		};
/* End PBXTargetDependency section */

/* Begin PBXVariantGroup section */
		C538B36F262EAB0A008CE89D /* Main.storyboard */ = {
			isa = PBXVariantGroup;
			children = (
				C538B370262EAB0A008CE89D /* Base */,
			);
			name = Main.storyboard;
			sourceTree = "<group>";
		};
		C538B374262EAB0A008CE89D /* LaunchScreen.storyboard */ = {
			isa = PBXVariantGroup;
			children = (
				C538B375262EAB0A008CE89D /* Base */,
			);
			name = LaunchScreen.storyboard;
			sourceTree = "<group>";
		};
/* End PBXVariantGroup section */

/* Begin XCBuildConfiguration section */
		C538B38E262EAB0B008CE89D /* Debug */ = {
			isa = XCBuildConfiguration;
			buildSettings = {
				ALWAYS_SEARCH_USER_PATHS = NO;
				CLANG_ANALYZER_NONNULL = YES;
				CLANG_ANALYZER_NUMBER_OBJECT_CONVERSION = YES_AGGRESSIVE;
				CLANG_CXX_LANGUAGE_STANDARD = "gnu++14";
				CLANG_CXX_LIBRARY = "libc++";
				CLANG_ENABLE_MODULES = YES;
				CLANG_ENABLE_OBJC_ARC = YES;
				CLANG_ENABLE_OBJC_WEAK = YES;
				CLANG_WARN_BLOCK_CAPTURE_AUTORELEASING = YES;
				CLANG_WARN_BOOL_CONVERSION = YES;
				CLANG_WARN_COMMA = YES;
				CLANG_WARN_CONSTANT_CONVERSION = YES;
				CLANG_WARN_DEPRECATED_OBJC_IMPLEMENTATIONS = YES;
				CLANG_WARN_DIRECT_OBJC_ISA_USAGE = YES_ERROR;
				CLANG_WARN_DOCUMENTATION_COMMENTS = YES;
				CLANG_WARN_EMPTY_BODY = YES;
				CLANG_WARN_ENUM_CONVERSION = YES;
				CLANG_WARN_INFINITE_RECURSION = YES;
				CLANG_WARN_INT_CONVERSION = YES;
				CLANG_WARN_NON_LITERAL_NULL_CONVERSION = YES;
				CLANG_WARN_OBJC_IMPLICIT_RETAIN_SELF = YES;
				CLANG_WARN_OBJC_LITERAL_CONVERSION = YES;
				CLANG_WARN_OBJC_ROOT_CLASS = YES_ERROR;
				CLANG_WARN_QUOTED_INCLUDE_IN_FRAMEWORK_HEADER = YES;
				CLANG_WARN_RANGE_LOOP_ANALYSIS = YES;
				CLANG_WARN_STRICT_PROTOTYPES = YES;
				CLANG_WARN_SUSPICIOUS_MOVE = YES;
				CLANG_WARN_UNGUARDED_AVAILABILITY = YES_AGGRESSIVE;
				CLANG_WARN_UNREACHABLE_CODE = YES;
				CLANG_WARN__DUPLICATE_METHOD_MATCH = YES;
				COPY_PHASE_STRIP = NO;
				DEBUG_INFORMATION_FORMAT = dwarf;
				ENABLE_STRICT_OBJC_MSGSEND = YES;
				ENABLE_TESTABILITY = YES;
				GCC_C_LANGUAGE_STANDARD = gnu11;
				GCC_DYNAMIC_NO_PIC = NO;
				GCC_NO_COMMON_BLOCKS = YES;
				GCC_OPTIMIZATION_LEVEL = 0;
				GCC_PREPROCESSOR_DEFINITIONS = (
					"DEBUG=1",
					"$(inherited)",
				);
				GCC_WARN_64_TO_32_BIT_CONVERSION = YES;
				GCC_WARN_ABOUT_RETURN_TYPE = YES_ERROR;
				GCC_WARN_UNDECLARED_SELECTOR = YES;
				GCC_WARN_UNINITIALIZED_AUTOS = YES_AGGRESSIVE;
				GCC_WARN_UNUSED_FUNCTION = YES;
				GCC_WARN_UNUSED_VARIABLE = YES;
				IPHONEOS_DEPLOYMENT_TARGET = 14.4;
				MTL_ENABLE_DEBUG_INFO = INCLUDE_SOURCE;
				MTL_FAST_MATH = YES;
				ONLY_ACTIVE_ARCH = YES;
				SDKROOT = iphoneos;
				SWIFT_ACTIVE_COMPILATION_CONDITIONS = DEBUG;
				SWIFT_OPTIMIZATION_LEVEL = "-Onone";
			};
			name = Debug;
		};
		C538B38F262EAB0B008CE89D /* Release */ = {
			isa = XCBuildConfiguration;
			buildSettings = {
				ALWAYS_SEARCH_USER_PATHS = NO;
				CLANG_ANALYZER_NONNULL = YES;
				CLANG_ANALYZER_NUMBER_OBJECT_CONVERSION = YES_AGGRESSIVE;
				CLANG_CXX_LANGUAGE_STANDARD = "gnu++14";
				CLANG_CXX_LIBRARY = "libc++";
				CLANG_ENABLE_MODULES = YES;
				CLANG_ENABLE_OBJC_ARC = YES;
				CLANG_ENABLE_OBJC_WEAK = YES;
				CLANG_WARN_BLOCK_CAPTURE_AUTORELEASING = YES;
				CLANG_WARN_BOOL_CONVERSION = YES;
				CLANG_WARN_COMMA = YES;
				CLANG_WARN_CONSTANT_CONVERSION = YES;
				CLANG_WARN_DEPRECATED_OBJC_IMPLEMENTATIONS = YES;
				CLANG_WARN_DIRECT_OBJC_ISA_USAGE = YES_ERROR;
				CLANG_WARN_DOCUMENTATION_COMMENTS = YES;
				CLANG_WARN_EMPTY_BODY = YES;
				CLANG_WARN_ENUM_CONVERSION = YES;
				CLANG_WARN_INFINITE_RECURSION = YES;
				CLANG_WARN_INT_CONVERSION = YES;
				CLANG_WARN_NON_LITERAL_NULL_CONVERSION = YES;
				CLANG_WARN_OBJC_IMPLICIT_RETAIN_SELF = YES;
				CLANG_WARN_OBJC_LITERAL_CONVERSION = YES;
				CLANG_WARN_OBJC_ROOT_CLASS = YES_ERROR;
				CLANG_WARN_QUOTED_INCLUDE_IN_FRAMEWORK_HEADER = YES;
				CLANG_WARN_RANGE_LOOP_ANALYSIS = YES;
				CLANG_WARN_STRICT_PROTOTYPES = YES;
				CLANG_WARN_SUSPICIOUS_MOVE = YES;
				CLANG_WARN_UNGUARDED_AVAILABILITY = YES_AGGRESSIVE;
				CLANG_WARN_UNREACHABLE_CODE = YES;
				CLANG_WARN__DUPLICATE_METHOD_MATCH = YES;
				COPY_PHASE_STRIP = NO;
				DEBUG_INFORMATION_FORMAT = "dwarf-with-dsym";
				ENABLE_NS_ASSERTIONS = NO;
				ENABLE_STRICT_OBJC_MSGSEND = YES;
				GCC_C_LANGUAGE_STANDARD = gnu11;
				GCC_NO_COMMON_BLOCKS = YES;
				GCC_WARN_64_TO_32_BIT_CONVERSION = YES;
				GCC_WARN_ABOUT_RETURN_TYPE = YES_ERROR;
				GCC_WARN_UNDECLARED_SELECTOR = YES;
				GCC_WARN_UNINITIALIZED_AUTOS = YES_AGGRESSIVE;
				GCC_WARN_UNUSED_FUNCTION = YES;
				GCC_WARN_UNUSED_VARIABLE = YES;
				IPHONEOS_DEPLOYMENT_TARGET = 14.4;
				MTL_ENABLE_DEBUG_INFO = NO;
				MTL_FAST_MATH = YES;
				SDKROOT = iphoneos;
				SWIFT_COMPILATION_MODE = wholemodule;
				SWIFT_OPTIMIZATION_LEVEL = "-O";
				VALIDATE_PRODUCT = YES;
			};
			name = Release;
		};
		C538B391262EAB0B008CE89D /* Debug */ = {
			isa = XCBuildConfiguration;
			baseConfigurationReference = 80AEF9078C8EBAF51113E6B5 /* Pods-RxSwiftSample.debug.xcconfig */;
			buildSettings = {
				ASSETCATALOG_COMPILER_APPICON_NAME = AppIcon;
				ASSETCATALOG_COMPILER_GLOBAL_ACCENT_COLOR_NAME = AccentColor;
				CODE_SIGN_STYLE = Automatic;
				DEVELOPMENT_TEAM = 737XJB84YA;
				INFOPLIST_FILE = RxSwiftSample/Info.plist;
				LD_RUNPATH_SEARCH_PATHS = (
					"$(inherited)",
					"@executable_path/Frameworks",
				);
				PRODUCT_BUNDLE_IDENTIFIER = com.fuchi.RxSwiftSample;
				PRODUCT_NAME = "$(TARGET_NAME)";
				SWIFT_VERSION = 5.0;
				TARGETED_DEVICE_FAMILY = "1,2";
			};
			name = Debug;
		};
		C538B392262EAB0B008CE89D /* Release */ = {
			isa = XCBuildConfiguration;
			baseConfigurationReference = 41F2F8BDF10B24A85E545C60 /* Pods-RxSwiftSample.release.xcconfig */;
			buildSettings = {
				ASSETCATALOG_COMPILER_APPICON_NAME = AppIcon;
				ASSETCATALOG_COMPILER_GLOBAL_ACCENT_COLOR_NAME = AccentColor;
				CODE_SIGN_STYLE = Automatic;
				DEVELOPMENT_TEAM = 737XJB84YA;
				INFOPLIST_FILE = RxSwiftSample/Info.plist;
				LD_RUNPATH_SEARCH_PATHS = (
					"$(inherited)",
					"@executable_path/Frameworks",
				);
				PRODUCT_BUNDLE_IDENTIFIER = com.fuchi.RxSwiftSample;
				PRODUCT_NAME = "$(TARGET_NAME)";
				SWIFT_VERSION = 5.0;
				TARGETED_DEVICE_FAMILY = "1,2";
			};
			name = Release;
		};
		C538B394262EAB0B008CE89D /* Debug */ = {
			isa = XCBuildConfiguration;
			baseConfigurationReference = 34E9634CD611CF6516F1167D /* Pods-RxSwiftSampleTests.debug.xcconfig */;
			buildSettings = {
				ALWAYS_EMBED_SWIFT_STANDARD_LIBRARIES = YES;
				BUNDLE_LOADER = "$(TEST_HOST)";
				CODE_SIGN_STYLE = Automatic;
				DEVELOPMENT_TEAM = 737XJB84YA;
				INFOPLIST_FILE = RxSwiftSampleTests/Info.plist;
				IPHONEOS_DEPLOYMENT_TARGET = 14.4;
				LD_RUNPATH_SEARCH_PATHS = (
					"$(inherited)",
					"@executable_path/Frameworks",
					"@loader_path/Frameworks",
				);
				PRODUCT_BUNDLE_IDENTIFIER = com.fuchi.RxSwiftSampleTests;
				PRODUCT_NAME = "$(TARGET_NAME)";
				SWIFT_VERSION = 5.0;
				TARGETED_DEVICE_FAMILY = "1,2";
				TEST_HOST = "$(BUILT_PRODUCTS_DIR)/RxSwiftSample.app/RxSwiftSample";
			};
			name = Debug;
		};
		C538B395262EAB0B008CE89D /* Release */ = {
			isa = XCBuildConfiguration;
			baseConfigurationReference = F607CF75259828574382DCB7 /* Pods-RxSwiftSampleTests.release.xcconfig */;
			buildSettings = {
				ALWAYS_EMBED_SWIFT_STANDARD_LIBRARIES = YES;
				BUNDLE_LOADER = "$(TEST_HOST)";
				CODE_SIGN_STYLE = Automatic;
				DEVELOPMENT_TEAM = 737XJB84YA;
				INFOPLIST_FILE = RxSwiftSampleTests/Info.plist;
				IPHONEOS_DEPLOYMENT_TARGET = 14.4;
				LD_RUNPATH_SEARCH_PATHS = (
					"$(inherited)",
					"@executable_path/Frameworks",
					"@loader_path/Frameworks",
				);
				PRODUCT_BUNDLE_IDENTIFIER = com.fuchi.RxSwiftSampleTests;
				PRODUCT_NAME = "$(TARGET_NAME)";
				SWIFT_VERSION = 5.0;
				TARGETED_DEVICE_FAMILY = "1,2";
				TEST_HOST = "$(BUILT_PRODUCTS_DIR)/RxSwiftSample.app/RxSwiftSample";
			};
			name = Release;
		};
		C538B397262EAB0B008CE89D /* Debug */ = {
			isa = XCBuildConfiguration;
			baseConfigurationReference = 74192DD3550EDBBC9BA1BC67 /* Pods-RxSwiftSample-RxSwiftSampleUITests.debug.xcconfig */;
			buildSettings = {
				ALWAYS_EMBED_SWIFT_STANDARD_LIBRARIES = YES;
				CODE_SIGN_STYLE = Automatic;
				DEVELOPMENT_TEAM = 737XJB84YA;
				INFOPLIST_FILE = RxSwiftSampleUITests/Info.plist;
				LD_RUNPATH_SEARCH_PATHS = (
					"$(inherited)",
					"@executable_path/Frameworks",
					"@loader_path/Frameworks",
				);
				PRODUCT_BUNDLE_IDENTIFIER = com.fuchi.RxSwiftSampleUITests;
				PRODUCT_NAME = "$(TARGET_NAME)";
				SWIFT_VERSION = 5.0;
				TARGETED_DEVICE_FAMILY = "1,2";
				TEST_TARGET_NAME = RxSwiftSample;
			};
			name = Debug;
		};
		C538B398262EAB0B008CE89D /* Release */ = {
			isa = XCBuildConfiguration;
			baseConfigurationReference = 31FCA77978B2BBA111F45008 /* Pods-RxSwiftSample-RxSwiftSampleUITests.release.xcconfig */;
			buildSettings = {
				ALWAYS_EMBED_SWIFT_STANDARD_LIBRARIES = YES;
				CODE_SIGN_STYLE = Automatic;
				DEVELOPMENT_TEAM = 737XJB84YA;
				INFOPLIST_FILE = RxSwiftSampleUITests/Info.plist;
				LD_RUNPATH_SEARCH_PATHS = (
					"$(inherited)",
					"@executable_path/Frameworks",
					"@loader_path/Frameworks",
				);
				PRODUCT_BUNDLE_IDENTIFIER = com.fuchi.RxSwiftSampleUITests;
				PRODUCT_NAME = "$(TARGET_NAME)";
				SWIFT_VERSION = 5.0;
				TARGETED_DEVICE_FAMILY = "1,2";
				TEST_TARGET_NAME = RxSwiftSample;
			};
			name = Release;
		};
/* End XCBuildConfiguration section */

/* Begin XCConfigurationList section */
		C538B361262EAB0A008CE89D /* Build configuration list for PBXProject "RxSwiftSample" */ = {
			isa = XCConfigurationList;
			buildConfigurations = (
				C538B38E262EAB0B008CE89D /* Debug */,
				C538B38F262EAB0B008CE89D /* Release */,
			);
			defaultConfigurationIsVisible = 0;
			defaultConfigurationName = Release;
		};
		C538B390262EAB0B008CE89D /* Build configuration list for PBXNativeTarget "RxSwiftSample" */ = {
			isa = XCConfigurationList;
			buildConfigurations = (
				C538B391262EAB0B008CE89D /* Debug */,
				C538B392262EAB0B008CE89D /* Release */,
			);
			defaultConfigurationIsVisible = 0;
			defaultConfigurationName = Release;
		};
		C538B393262EAB0B008CE89D /* Build configuration list for PBXNativeTarget "RxSwiftSampleTests" */ = {
			isa = XCConfigurationList;
			buildConfigurations = (
				C538B394262EAB0B008CE89D /* Debug */,
				C538B395262EAB0B008CE89D /* Release */,
			);
			defaultConfigurationIsVisible = 0;
			defaultConfigurationName = Release;
		};
		C538B396262EAB0B008CE89D /* Build configuration list for PBXNativeTarget "RxSwiftSampleUITests" */ = {
			isa = XCConfigurationList;
			buildConfigurations = (
				C538B397262EAB0B008CE89D /* Debug */,
				C538B398262EAB0B008CE89D /* Release */,
			);
			defaultConfigurationIsVisible = 0;
			defaultConfigurationName = Release;
		};
/* End XCConfigurationList section */
	};
	rootObject = C538B35E262EAB0A008CE89D /* Project object */;
}
